
Microsoft Visual Studio Solution File, Format Version 12.00
# Visual Studio Version 16
VisualStudioVersion = 16.0.29215.179
MinimumVisualStudioVersion = 10.0.40219.1
Project("{FAE04EC0-301F-11D3-BF4B-00C04F79EFBC}") = "BanditReloaded", "BanditReloaded\BanditReloaded.csproj", "{A94AB0F6-AE3F-4264-8632-9A705DAA4433}"
EndProject
Global
	GlobalSection(SolutionConfigurationPlatforms) = preSolution
		Debug|Any CPU = Debug|Any CPU
		Release|Any CPU = Release|Any CPU
	EndGlobalSection
	GlobalSection(ProjectConfigurationPlatforms) = postSolution
		{A94AB0F6-AE3F-4264-8632-9A705DAA4433}.Debug|Any CPU.ActiveCfg = Debug|Any CPU
		{A94AB0F6-AE3F-4264-8632-9A705DAA4433}.Debug|Any CPU.Build.0 = Debug|Any CPU
		{A94AB0F6-AE3F-4264-8632-9A705DAA4433}.Release|Any CPU.ActiveCfg = Release|Any CPU
		{A94AB0F6-AE3F-4264-8632-9A705DAA4433}.Release|Any CPU.Build.0 = Release|Any CPU
	EndGlobalSection
	GlobalSection(SolutionProperties) = preSolution
		HideSolutionNode = FALSE
	EndGlobalSection
	GlobalSection(ExtensibilityGlobals) = postSolution
		SolutionGuid = {C5CFEE72-6E4A-4E7D-B841-7E14F6CAEBDD}
	EndGlobalSection
EndGlobal
