
Microsoft Visual Studio Solution File, Format Version 11.00
# Visual Studio 2010
Project("{FAE04EC0-301F-11D3-BF4B-00C04F79EFBC}") = "Assembly-CSharp", "Assembly-CSharp.csproj", "{172A3837-9C1B-534A-4B28-C34BEE27249F}"
EndProject
Project("{FAE04EC0-301F-11D3-BF4B-00C04F79EFBC}") = "Unity.AssetBundleBrowser.Editor", "Unity.AssetBundleBrowser.Editor.csproj", "{51441ACD-87D0-C8B9-621C-C14A898CFCB5}"
EndProject
Project("{FAE04EC0-301F-11D3-BF4B-00C04F79EFBC}") = "Unity.AssetBundleBrowser.Editor.Tests", "Unity.AssetBundleBrowser.Editor.Tests.csproj", "{94D691B3-B1CF-ED2C-CC94-A896C32C0430}"
EndProject
Global
	GlobalSection(SolutionConfigurationPlatforms) = preSolution
		Debug|Any CPU = Debug|Any CPU
		Release|Any CPU = Release|Any CPU
	EndGlobalSection
	GlobalSection(ProjectConfigurationPlatforms) = postSolution
		{172A3837-9C1B-534A-4B28-C34BEE27249F}.Debug|Any CPU.ActiveCfg = Debug|Any CPU
		{172A3837-9C1B-534A-4B28-C34BEE27249F}.Debug|Any CPU.Build.0 = Debug|Any CPU
		{172A3837-9C1B-534A-4B28-C34BEE27249F}.Release|Any CPU.ActiveCfg = Release|Any CPU
		{172A3837-9C1B-534A-4B28-C34BEE27249F}.Release|Any CPU.Build.0 = Release|Any CPU
		{51441ACD-87D0-C8B9-621C-C14A898CFCB5}.Debug|Any CPU.ActiveCfg = Debug|Any CPU
		{51441ACD-87D0-C8B9-621C-C14A898CFCB5}.Debug|Any CPU.Build.0 = Debug|Any CPU
		{51441ACD-87D0-C8B9-621C-C14A898CFCB5}.Release|Any CPU.ActiveCfg = Release|Any CPU
		{51441ACD-87D0-C8B9-621C-C14A898CFCB5}.Release|Any CPU.Build.0 = Release|Any CPU
		{94D691B3-B1CF-ED2C-CC94-A896C32C0430}.Debug|Any CPU.ActiveCfg = Debug|Any CPU
		{94D691B3-B1CF-ED2C-CC94-A896C32C0430}.Debug|Any CPU.Build.0 = Debug|Any CPU
		{94D691B3-B1CF-ED2C-CC94-A896C32C0430}.Release|Any CPU.ActiveCfg = Release|Any CPU
		{94D691B3-B1CF-ED2C-CC94-A896C32C0430}.Release|Any CPU.Build.0 = Release|Any CPU
	EndGlobalSection
	GlobalSection(SolutionProperties) = preSolution
		HideSolutionNode = FALSE
	EndGlobalSection
	GlobalSection(MonoDevelopProperties) = preSolution
		StartupItem = Assembly-CSharp.csproj
	EndGlobalSection
EndGlobal
